
Microsoft Visual Studio Solution File, Format Version 12.00
# Visual Studio Version 16
VisualStudioVersion = 16.0.30225.117
MinimumVisualStudioVersion = 10.0.40219.1
Project("{FAE04EC0-301F-11D3-BF4B-00C04F79EFBC}") = "TestApi", "TestApi\TestApi.csproj", "{7DAD64D1-A91E-42AB-B9E5-A304D39D3EC0}"
EndProject
Global
	GlobalSection(SolutionConfigurationPlatforms) = preSolution
		Debug|Any CPU = Debug|Any CPU
		Release|Any CPU = Release|Any CPU
	EndGlobalSection
	GlobalSection(ProjectConfigurationPlatforms) = postSolution
		{7DAD64D1-A91E-42AB-B9E5-A304D39D3EC0}.Debug|Any CPU.ActiveCfg = Debug|Any CPU
		{7DAD64D1-A91E-42AB-B9E5-A304D39D3EC0}.Debug|Any CPU.Build.0 = Debug|Any CPU
		{7DAD64D1-A91E-42AB-B9E5-A304D39D3EC0}.Release|Any CPU.ActiveCfg = Release|Any CPU
		{7DAD64D1-A91E-42AB-B9E5-A304D39D3EC0}.Release|Any CPU.Build.0 = Release|Any CPU
	EndGlobalSection
	GlobalSection(SolutionProperties) = preSolution
		HideSolutionNode = FALSE
	EndGlobalSection
	GlobalSection(ExtensibilityGlobals) = postSolution
		SolutionGuid = {5954E820-5A58-43BE-B280-002A162F697B}
	EndGlobalSection
EndGlobal
